{
  "nodes": {
    "brew-src": {
      "flake": false,
      "locked": {
        "lastModified": 1769363988,
        "narHash": "sha256-BiGPeulrDVetXP+tjxhMcGLUROZAtZIhU5m4MqawCfM=",
        "owner": "Homebrew",
        "repo": "brew",
        "rev": "d01011cac6d72032c75fd2cd9489909e95d9faf2",
        "type": "github"
      },
      "original": {
        "owner": "Homebrew",
        "ref": "5.0.12",
        "repo": "brew",
        "type": "github"
      }
    },
    "darwin": {
      "inputs": {
        "nixpkgs": [
          "nixpkgs"
        ]
      },
      "locked": {
        "lastModified": 1768764703,
        "narHash": "sha256-5ulSDyOG1U+1sJhkJHYsUOWEsmtLl97O0NTVMvgIVyc=",
        "owner": "lnl7",
        "repo": "nix-darwin",
        "rev": "0fc4e7ac670a0ed874abacf73c4b072a6a58064b",
        "type": "github"
      },
      "original": {
        "owner": "lnl7",
        "repo": "nix-darwin",
        "type": "github"
      }
    },
    "fenix": {
      "inputs": {
        "nixpkgs": "nixpkgs",
        "rust-analyzer-src": "rust-analyzer-src"
      },
      "locked": {
        "lastModified": 1769929675,
        "narHash": "sha256-EBpe7sXCPLs+qVePXbA7kc+Kmpmp0pWysEpjjEWTK+E=",
        "owner": "nix-community",
        "repo": "fenix",
        "rev": "78d518f5ca32a86dc767de481160dbae640c70cf",
        "type": "github"
      },
      "original": {
        "owner": "nix-community",
        "repo": "fenix",
        "type": "github"
      }
    },
    "home-manager": {
      "inputs": {
        "nixpkgs": [
          "nixpkgs"
        ]
      },
      "locked": {
        "lastModified": 1769872935,
        "narHash": "sha256-07HMIGQ/WJeAQJooA7Kkg1SDKxhAiV6eodvOwTX6WKI=",
        "owner": "nix-community",
        "repo": "home-manager",
        "rev": "f4ad5068ee8e89e4a7c2e963e10dd35cd77b37b7",
        "type": "github"
      },
      "original": {
        "owner": "nix-community",
        "ref": "master",
        "repo": "home-manager",
        "type": "github"
      }
    },
    "homebrew-cask": {
      "flake": false,
      "locked": {
        "lastModified": 1769942724,
        "narHash": "sha256-Z/Hlm9x3uTC2HLEwRuK7StD8yytR9V6sJBWoVJzVCAs=",
        "owner": "homebrew",
        "repo": "homebrew-cask",
        "rev": "c251cbd34251b3ae4ceb48f2efda06361cacbde5",
        "type": "github"
      },
      "original": {
        "owner": "homebrew",
        "repo": "homebrew-cask",
        "type": "github"
      }
    },
    "homebrew-core": {
      "flake": false,
      "locked": {
        "lastModified": 1769943375,
        "narHash": "sha256-6FyKIjZ3a6zmbLG8cMdxMMyIL91WqKPHuhhFdG3b1CU=",
        "owner": "homebrew",
        "repo": "homebrew-core",
        "rev": "1f2901c1da4497f21483a929a1b2693d0bf43be4",
        "type": "github"
      },
      "original": {
        "owner": "homebrew",
        "repo": "homebrew-core",
        "type": "github"
      }
    },
    "homebrew-fuse-t": {
      "flake": false,
      "locked": {
        "lastModified": 1754718280,
        "narHash": "sha256-zjZnQHCI6HvzOZGPfj7qMzLYVeLMpjJgv/LMCcVx97E=",
        "owner": "macos-fuse-t",
        "repo": "homebrew-cask",
        "rev": "422fabd4154deef41b2e8e9a57d763f0bf1a444f",
        "type": "github"
      },
      "original": {
        "owner": "macos-fuse-t",
        "repo": "homebrew-cask",
        "type": "github"
      }
    },
    "nix-homebrew": {
      "inputs": {
        "brew-src": "brew-src"
      },
      "locked": {
        "lastModified": 1769437432,
        "narHash": "sha256-8d7KnCpT2LweRvSzZYEGd9IM3eFX+A78opcnDM0+ndk=",
        "owner": "zhaofengli",
        "repo": "nix-homebrew",
        "rev": "a5409abd0d5013d79775d3419bcac10eacb9d8c5",
        "type": "github"
      },
      "original": {
        "owner": "zhaofengli",
        "repo": "nix-homebrew",
        "type": "github"
      }
    },
    "nixpkgs": {
      "locked": {
        "lastModified": 1769461804,
        "narHash": "sha256-msG8SU5WsBUfVVa/9RPLaymvi5bI8edTavbIq3vRlhI=",
        "owner": "nixos",
        "repo": "nixpkgs",
        "rev": "bfc1b8a4574108ceef22f02bafcf6611380c100d",
        "type": "github"
      },
      "original": {
        "owner": "nixos",
        "ref": "nixos-unstable",
        "repo": "nixpkgs",
        "type": "github"
      }
    },
    "nixpkgs_2": {
      "locked": {
        "lastModified": 1769942767,
        "narHash": "sha256-JzguNZSMKvWQx3uc6NJlw0aWSy/r7MYmZpD/9PvsJAA=",
        "owner": "NixOS",
        "repo": "nixpkgs",
        "rev": "c42f42b69275c0950f168a50b1178f2ab4a319ee",
        "type": "github"
      },
      "original": {
        "owner": "NixOS",
        "ref": "master",
        "repo": "nixpkgs",
        "type": "github"
      }
    },
    "root": {
      "inputs": {
        "darwin": "darwin",
        "fenix": "fenix",
        "home-manager": "home-manager",
        "homebrew-cask": "homebrew-cask",
        "homebrew-core": "homebrew-core",
        "homebrew-fuse-t": "homebrew-fuse-t",
        "nix-homebrew": "nix-homebrew",
        "nixpkgs": "nixpkgs_2"
      }
    },
    "rust-analyzer-src": {
      "flake": false,
      "locked": {
        "lastModified": 1769857242,
        "narHash": "sha256-3eKpRRzKz0KzY7CJzRXFm4POwEqbuTohyQ2ajI/zKvg=",
        "owner": "rust-lang",
        "repo": "rust-analyzer",
        "rev": "17304e9c7e11d26139672d3d77aa498b1cae0d69",
        "type": "github"
      },
      "original": {
        "owner": "rust-lang",
        "ref": "nightly",
        "repo": "rust-analyzer",
        "type": "github"
      }
    }
  },
  "root": "root",
  "version": 7
}
